
Microsoft Visual Studio Solution File, Format Version 12.00
# Visual Studio Version 16
VisualStudioVersion = 16.0.30114.105
MinimumVisualStudioVersion = 10.0.40219.1
Project("{FAE04EC0-301F-11D3-BF4B-00C04F79EFBC}") = "laba4.2", "laba4.2.csproj", "{BD91D229-0FD1-40DE-8D52-02E22F0C0559}"
EndProject
Global
	GlobalSection(SolutionConfigurationPlatforms) = preSolution
		Debug|Any CPU = Debug|Any CPU
		Release|Any CPU = Release|Any CPU
	EndGlobalSection
	GlobalSection(ProjectConfigurationPlatforms) = postSolution
		{BD91D229-0FD1-40DE-8D52-02E22F0C0559}.Debug|Any CPU.ActiveCfg = Debug|Any CPU
		{BD91D229-0FD1-40DE-8D52-02E22F0C0559}.Debug|Any CPU.Build.0 = Debug|Any CPU
		{BD91D229-0FD1-40DE-8D52-02E22F0C0559}.Release|Any CPU.ActiveCfg = Release|Any CPU
		{BD91D229-0FD1-40DE-8D52-02E22F0C0559}.Release|Any CPU.Build.0 = Release|Any CPU
	EndGlobalSection
	GlobalSection(SolutionProperties) = preSolution
		HideSolutionNode = FALSE
	EndGlobalSection
	GlobalSection(ExtensibilityGlobals) = postSolution
		SolutionGuid = {4F9965A4-264B-4D90-809E-5D47E0BBF38B}
	EndGlobalSection
EndGlobal
